// !$*UTF8*$!
{
	archiveVersion = 1;
	classes = {
	};
	objectVersion = 55;
	objects = {

/* Begin PBXBuildFile section */
		C889F1D527961D5000533B76 /* AppDelegate.swift in Sources */ = {isa = PBXBuildFile; fileRef = C889F1D427961D5000533B76 /* AppDelegate.swift */; };
		C889F1D727961D5000533B76 /* SceneDelegate.swift in Sources */ = {isa = PBXBuildFile; fileRef = C889F1D627961D5000533B76 /* SceneDelegate.swift */; };
		C889F1D927961D5000533B76 /* ViewController.swift in Sources */ = {isa = PBXBuildFile; fileRef = C889F1D827961D5000533B76 /* ViewController.swift */; };
		C889F1DC27961D5000533B76 /* Main.storyboard in Resources */ = {isa = PBXBuildFile; fileRef = C889F1DA27961D5000533B76 /* Main.storyboard */; };
		C889F1DE27961D5200533B76 /* Assets.xcassets in Resources */ = {isa = PBXBuildFile; fileRef = C889F1DD27961D5200533B76 /* Assets.xcassets */; };
		C889F1E127961D5200533B76 /* LaunchScreen.storyboard in Resources */ = {isa = PBXBuildFile; fileRef = C889F1DF27961D5200533B76 /* LaunchScreen.storyboard */; };
		C889F1EC27961D5300533B76 /* IOS_tip_calculatorTests.swift in Sources */ = {isa = PBXBuildFile; fileRef = C889F1EB27961D5300533B76 /* IOS_tip_calculatorTests.swift */; };
		C889F1F627961D5300533B76 /* IOS_tip_calculatorUITests.swift in Sources */ = {isa = PBXBuildFile; fileRef = C889F1F527961D5300533B76 /* IOS_tip_calculatorUITests.swift */; };
		C889F1F827961D5300533B76 /* IOS_tip_calculatorUITestsLaunchTests.swift in Sources */ = {isa = PBXBuildFile; fileRef = C889F1F727961D5300533B76 /* IOS_tip_calculatorUITestsLaunchTests.swift */; };
/* End PBXBuildFile section */

/* Begin PBXContainerItemProxy section */
		C889F1E827961D5300533B76 /* PBXContainerItemProxy */ = {
			isa = PBXContainerItemProxy;
			containerPortal = C889F1C927961D4F00533B76 /* Project object */;
			proxyType = 1;
			remoteGlobalIDString = C889F1D027961D4F00533B76;
			remoteInfo = "IOS tip calculator";
		};
		C889F1F227961D5300533B76 /* PBXContainerItemProxy */ = {
			isa = PBXContainerItemProxy;
			containerPortal = C889F1C927961D4F00533B76 /* Project object */;
			proxyType = 1;
			remoteGlobalIDString = C889F1D027961D4F00533B76;
			remoteInfo = "IOS tip calculator";
		};
/* End PBXContainerItemProxy section */

/* Begin PBXFileReference section */
		C889F1D127961D4F00533B76 /* IOS tip calculator.app */ = {isa = PBXFileReference; explicitFileType = wrapper.application; includeInIndex = 0; path = "IOS tip calculator.app"; sourceTree = BUILT_PRODUCTS_DIR; };
		C889F1D427961D5000533B76 /* AppDelegate.swift */ = {isa = PBXFileReference; lastKnownFileType = sourcecode.swift; path = AppDelegate.swift; sourceTree = "<group>"; };
		C889F1D627961D5000533B76 /* SceneDelegate.swift */ = {isa = PBXFileReference; lastKnownFileType = sourcecode.swift; path = SceneDelegate.swift; sourceTree = "<group>"; };
		C889F1D827961D5000533B76 /* ViewController.swift */ = {isa = PBXFileReference; lastKnownFileType = sourcecode.swift; path = ViewController.swift; sourceTree = "<group>"; };
		C889F1DB27961D5000533B76 /* Base */ = {isa = PBXFileReference; lastKnownFileType = file.storyboard; name = Base; path = Base.lproj/Main.storyboard; sourceTree = "<group>"; };
		C889F1DD27961D5200533B76 /* Assets.xcassets */ = {isa = PBXFileReference; lastKnownFileType = folder.assetcatalog; path = Assets.xcassets; sourceTree = "<group>"; };
		C889F1E027961D5200533B76 /* Base */ = {isa = PBXFileReference; lastKnownFileType = file.storyboard; name = Base; path = Base.lproj/LaunchScreen.storyboard; sourceTree = "<group>"; };
		C889F1E227961D5200533B76 /* Info.plist */ = {isa = PBXFileReference; lastKnownFileType = text.plist.xml; path = Info.plist; sourceTree = "<group>"; };
		C889F1E727961D5300533B76 /* IOS tip calculatorTests.xctest */ = {isa = PBXFileReference; explicitFileType = wrapper.cfbundle; includeInIndex = 0; path = "IOS tip calculatorTests.xctest"; sourceTree = BUILT_PRODUCTS_DIR; };
		C889F1EB27961D5300533B76 /* IOS_tip_calculatorTests.swift */ = {isa = PBXFileReference; lastKnownFileType = sourcecode.swift; path = IOS_tip_calculatorTests.swift; sourceTree = "<group>"; };
		C889F1F127961D5300533B76 /* IOS tip calculatorUITests.xctest */ = {isa = PBXFileReference; explicitFileType = wrapper.cfbundle; includeInIndex = 0; path = "IOS tip calculatorUITests.xctest"; sourceTree = BUILT_PRODUCTS_DIR; };
		C889F1F527961D5300533B76 /* IOS_tip_calculatorUITests.swift */ = {isa = PBXFileReference; lastKnownFileType = sourcecode.swift; path = IOS_tip_calculatorUITests.swift; sourceTree = "<group>"; };
		C889F1F727961D5300533B76 /* IOS_tip_calculatorUITestsLaunchTests.swift */ = {isa = PBXFileReference; lastKnownFileType = sourcecode.swift; path = IOS_tip_calculatorUITestsLaunchTests.swift; sourceTree = "<group>"; };
/* End PBXFileReference section */

/* Begin PBXFrameworksBuildPhase section */
		C889F1CE27961D4F00533B76 /* Frameworks */ = {
			isa = PBXFrameworksBuildPhase;
			buildActionMask = 2147483647;
			files = (
			);
			runOnlyForDeploymentPostprocessing = 0;
		};
		C889F1E427961D5300533B76 /* Frameworks */ = {
			isa = PBXFrameworksBuildPhase;
			buildActionMask = 2147483647;
			files = (
			);
			runOnlyForDeploymentPostprocessing = 0;
		};
		C889F1EE27961D5300533B76 /* Frameworks */ = {
			isa = PBXFrameworksBuildPhase;
			buildActionMask = 2147483647;
			files = (
			);
			runOnlyForDeploymentPostprocessing = 0;
		};
/* End PBXFrameworksBuildPhase section */

/* Begin PBXGroup section */
		C889F1C827961D4F00533B76 = {
			isa = PBXGroup;
			children = (
				C889F1D327961D4F00533B76 /* IOS tip calculator */,
				C889F1EA27961D5300533B76 /* IOS tip calculatorTests */,
				C889F1F427961D5300533B76 /* IOS tip calculatorUITests */,
				C889F1D227961D4F00533B76 /* Products */,
			);
			sourceTree = "<group>";
		};
		C889F1D227961D4F00533B76 /* Products */ = {
			isa = PBXGroup;
			children = (
				C889F1D127961D4F00533B76 /* IOS tip calculator.app */,
				C889F1E727961D5300533B76 /* IOS tip calculatorTests.xctest */,
				C889F1F127961D5300533B76 /* IOS tip calculatorUITests.xctest */,
			);
			name = Products;
			sourceTree = "<group>";
		};
		C889F1D327961D4F00533B76 /* IOS tip calculator */ = {
			isa = PBXGroup;
			children = (
				C889F1D427961D5000533B76 /* AppDelegate.swift */,
				C889F1D627961D5000533B76 /* SceneDelegate.swift */,
				C889F1D827961D5000533B76 /* ViewController.swift */,
				C889F1DA27961D5000533B76 /* Main.storyboard */,
				C889F1DD27961D5200533B76 /* Assets.xcassets */,
				C889F1DF27961D5200533B76 /* LaunchScreen.storyboard */,
				C889F1E227961D5200533B76 /* Info.plist */,
			);
			path = "IOS tip calculator";
			sourceTree = "<group>";
		};
		C889F1EA27961D5300533B76 /* IOS tip calculatorTests */ = {
			isa = PBXGroup;
			children = (
				C889F1EB27961D5300533B76 /* IOS_tip_calculatorTests.swift */,
			);
			path = "IOS tip calculatorTests";
			sourceTree = "<group>";
		};
		C889F1F427961D5300533B76 /* IOS tip calculatorUITests */ = {
			isa = PBXGroup;
			children = (
				C889F1F527961D5300533B76 /* IOS_tip_calculatorUITests.swift */,
				C889F1F727961D5300533B76 /* IOS_tip_calculatorUITestsLaunchTests.swift */,
			);
			path = "IOS tip calculatorUITests";
			sourceTree = "<group>";
		};
/* End PBXGroup section */

/* Begin PBXNativeTarget section */
		C889F1D027961D4F00533B76 /* IOS tip calculator */ = {
			isa = PBXNativeTarget;
			buildConfigurationList = C889F1FB27961D5300533B76 /* Build configuration list for PBXNativeTarget "IOS tip calculator" */;
			buildPhases = (
				C889F1CD27961D4F00533B76 /* Sources */,
				C889F1CE27961D4F00533B76 /* Frameworks */,
				C889F1CF27961D4F00533B76 /* Resources */,
			);
			buildRules = (
			);
			dependencies = (
			);
			name = "IOS tip calculator";
			productName = "IOS tip calculator";
			productReference = C889F1D127961D4F00533B76 /* IOS tip calculator.app */;
			productType = "com.apple.product-type.application";
		};
		C889F1E627961D5300533B76 /* IOS tip calculatorTests */ = {
			isa = PBXNativeTarget;
			buildConfigurationList = C889F1FE27961D5300533B76 /* Build configuration list for PBXNativeTarget "IOS tip calculatorTests" */;
			buildPhases = (
				C889F1E327961D5300533B76 /* Sources */,
				C889F1E427961D5300533B76 /* Frameworks */,
				C889F1E527961D5300533B76 /* Resources */,
			);
			buildRules = (
			);
			dependencies = (
				C889F1E927961D5300533B76 /* PBXTargetDependency */,
			);
			name = "IOS tip calculatorTests";
			productName = "IOS tip calculatorTests";
			productReference = C889F1E727961D5300533B76 /* IOS tip calculatorTests.xctest */;
			productType = "com.apple.product-type.bundle.unit-test";
		};
		C889F1F027961D5300533B76 /* IOS tip calculatorUITests */ = {
			isa = PBXNativeTarget;
			buildConfigurationList = C889F20127961D5300533B76 /* Build configuration list for PBXNativeTarget "IOS tip calculatorUITests" */;
			buildPhases = (
				C889F1ED27961D5300533B76 /* Sources */,
				C889F1EE27961D5300533B76 /* Frameworks */,
				C889F1EF27961D5300533B76 /* Resources */,
			);
			buildRules = (
			);
			dependencies = (
				C889F1F327961D5300533B76 /* PBXTargetDependency */,
			);
			name = "IOS tip calculatorUITests";
			productName = "IOS tip calculatorUITests";
			productReference = C889F1F127961D5300533B76 /* IOS tip calculatorUITests.xctest */;
			productType = "com.apple.product-type.bundle.ui-testing";
		};
/* End PBXNativeTarget section */

/* Begin PBXProject section */
		C889F1C927961D4F00533B76 /* Project object */ = {
			isa = PBXProject;
			attributes = {
				BuildIndependentTargetsInParallel = 1;
				LastSwiftUpdateCheck = 1320;
				LastUpgradeCheck = 1320;
				TargetAttributes = {
					C889F1D027961D4F00533B76 = {
						CreatedOnToolsVersion = 13.2.1;
					};
					C889F1E627961D5300533B76 = {
						CreatedOnToolsVersion = 13.2.1;
						TestTargetID = C889F1D027961D4F00533B76;
					};
					C889F1F027961D5300533B76 = {
						CreatedOnToolsVersion = 13.2.1;
						TestTargetID = C889F1D027961D4F00533B76;
					};
				};
			};
			buildConfigurationList = C889F1CC27961D4F00533B76 /* Build configuration list for PBXProject "IOS tip calculator" */;
			compatibilityVersion = "Xcode 13.0";
			developmentRegion = en;
			hasScannedForEncodings = 0;
			knownRegions = (
				en,
				Base,
			);
			mainGroup = C889F1C827961D4F00533B76;
			productRefGroup = C889F1D227961D4F00533B76 /* Products */;
			projectDirPath = "";
			projectRoot = "";
			targets = (
				C889F1D027961D4F00533B76 /* IOS tip calculator */,
				C889F1E627961D5300533B76 /* IOS tip calculatorTests */,
				C889F1F027961D5300533B76 /* IOS tip calculatorUITests */,
			);
		};
/* End PBXProject section */

/* Begin PBXResourcesBuildPhase section */
		C889F1CF27961D4F00533B76 /* Resources */ = {
			isa = PBXResourcesBuildPhase;
			buildActionMask = 2147483647;
			files = (
				C889F1E127961D5200533B76 /* LaunchScreen.storyboard in Resources */,
				C889F1DE27961D5200533B76 /* Assets.xcassets in Resources */,
				C889F1DC27961D5000533B76 /* Main.storyboard in Resources */,
			);
			runOnlyForDeploymentPostprocessing = 0;
		};
		C889F1E527961D5300533B76 /* Resources */ = {
			isa = PBXResourcesBuildPhase;
			buildActionMask = 2147483647;
			files = (
			);
			runOnlyForDeploymentPostprocessing = 0;
		};
		C889F1EF27961D5300533B76 /* Resources */ = {
			isa = PBXResourcesBuildPhase;
			buildActionMask = 2147483647;
			files = (
			);
			runOnlyForDeploymentPostprocessing = 0;
		};
/* End PBXResourcesBuildPhase section */

/* Begin PBXSourcesBuildPhase section */
		C889F1CD27961D4F00533B76 /* Sources */ = {
			isa = PBXSourcesBuildPhase;
			buildActionMask = 2147483647;
			files = (
				C889F1D927961D5000533B76 /* ViewController.swift in Sources */,
				C889F1D527961D5000533B76 /* AppDelegate.swift in Sources */,
				C889F1D727961D5000533B76 /* SceneDelegate.swift in Sources */,
			);
			runOnlyForDeploymentPostprocessing = 0;
		};
		C889F1E327961D5300533B76 /* Sources */ = {
			isa = PBXSourcesBuildPhase;
			buildActionMask = 2147483647;
			files = (
				C889F1EC27961D5300533B76 /* IOS_tip_calculatorTests.swift in Sources */,
			);
			runOnlyForDeploymentPostprocessing = 0;
		};
		C889F1ED27961D5300533B76 /* Sources */ = {
			isa = PBXSourcesBuildPhase;
			buildActionMask = 2147483647;
			files = (
				C889F1F827961D5300533B76 /* IOS_tip_calculatorUITestsLaunchTests.swift in Sources */,
				C889F1F627961D5300533B76 /* IOS_tip_calculatorUITests.swift in Sources */,
			);
			runOnlyForDeploymentPostprocessing = 0;
		};
/* End PBXSourcesBuildPhase section */

/* Begin PBXTargetDependency section */
		C889F1E927961D5300533B76 /* PBXTargetDependency */ = {
			isa = PBXTargetDependency;
			target = C889F1D027961D4F00533B76 /* IOS tip calculator */;
			targetProxy = C889F1E827961D5300533B76 /* PBXContainerItemProxy */;
		};
		C889F1F327961D5300533B76 /* PBXTargetDependency */ = {
			isa = PBXTargetDependency;
			target = C889F1D027961D4F00533B76 /* IOS tip calculator */;
			targetProxy = C889F1F227961D5300533B76 /* PBXContainerItemProxy */;
		};
/* End PBXTargetDependency section */

/* Begin PBXVariantGroup section */
		C889F1DA27961D5000533B76 /* Main.storyboard */ = {
			isa = PBXVariantGroup;
			children = (
				C889F1DB27961D5000533B76 /* Base */,
			);
			name = Main.storyboard;
			sourceTree = "<group>";
		};
		C889F1DF27961D5200533B76 /* LaunchScreen.storyboard */ = {
			isa = PBXVariantGroup;
			children = (
				C889F1E027961D5200533B76 /* Base */,
			);
			name = LaunchScreen.storyboard;
			sourceTree = "<group>";
		};
/* End PBXVariantGroup section */

/* Begin XCBuildConfiguration section */
		C889F1F927961D5300533B76 /* Debug */ = {
			isa = XCBuildConfiguration;
			buildSettings = {
				ALWAYS_SEARCH_USER_PATHS = NO;
				CLANG_ANALYZER_NONNULL = YES;
				CLANG_ANALYZER_NUMBER_OBJECT_CONVERSION = YES_AGGRESSIVE;
				CLANG_CXX_LANGUAGE_STANDARD = "gnu++17";
				CLANG_CXX_LIBRARY = "libc++";
				CLANG_ENABLE_MODULES = YES;
				CLANG_ENABLE_OBJC_ARC = YES;
				CLANG_ENABLE_OBJC_WEAK = YES;
				CLANG_WARN_BLOCK_CAPTURE_AUTORELEASING = YES;
				CLANG_WARN_BOOL_CONVERSION = YES;
				CLANG_WARN_COMMA = YES;
				CLANG_WARN_CONSTANT_CONVERSION = YES;
				CLANG_WARN_DEPRECATED_OBJC_IMPLEMENTATIONS = YES;
				CLANG_WARN_DIRECT_OBJC_ISA_USAGE = YES_ERROR;
				CLANG_WARN_DOCUMENTATION_COMMENTS = YES;
				CLANG_WARN_EMPTY_BODY = YES;
				CLANG_WARN_ENUM_CONVERSION = YES;
				CLANG_WARN_INFINITE_RECURSION = YES;
				CLANG_WARN_INT_CONVERSION = YES;
				CLANG_WARN_NON_LITERAL_NULL_CONVERSION = YES;
				CLANG_WARN_OBJC_IMPLICIT_RETAIN_SELF = YES;
				CLANG_WARN_OBJC_LITERAL_CONVERSION = YES;
				CLANG_WARN_OBJC_ROOT_CLASS = YES_ERROR;
				CLANG_WARN_QUOTED_INCLUDE_IN_FRAMEWORK_HEADER = YES;
				CLANG_WARN_RANGE_LOOP_ANALYSIS = YES;
				CLANG_WARN_STRICT_PROTOTYPES = YES;
				CLANG_WARN_SUSPICIOUS_MOVE = YES;
				CLANG_WARN_UNGUARDED_AVAILABILITY = YES_AGGRESSIVE;
				CLANG_WARN_UNREACHABLE_CODE = YES;
				CLANG_WARN__DUPLICATE_METHOD_MATCH = YES;
				COPY_PHASE_STRIP = NO;
				DEBUG_INFORMATION_FORMAT = dwarf;
				ENABLE_STRICT_OBJC_MSGSEND = YES;
				ENABLE_TESTABILITY = YES;
				GCC_C_LANGUAGE_STANDARD = gnu11;
				GCC_DYNAMIC_NO_PIC = NO;
				GCC_NO_COMMON_BLOCKS = YES;
				GCC_OPTIMIZATION_LEVEL = 0;
				GCC_PREPROCESSOR_DEFINITIONS = (
					"DEBUG=1",
					"$(inherited)",
				);
				GCC_WARN_64_TO_32_BIT_CONVERSION = YES;
				GCC_WARN_ABOUT_RETURN_TYPE = YES_ERROR;
				GCC_WARN_UNDECLARED_SELECTOR = YES;
				GCC_WARN_UNINITIALIZED_AUTOS = YES_AGGRESSIVE;
				GCC_WARN_UNUSED_FUNCTION = YES;
				GCC_WARN_UNUSED_VARIABLE = YES;
				IPHONEOS_DEPLOYMENT_TARGET = 15.2;
				MTL_ENABLE_DEBUG_INFO = INCLUDE_SOURCE;
				MTL_FAST_MATH = YES;
				ONLY_ACTIVE_ARCH = YES;
				SDKROOT = iphoneos;
				SWIFT_ACTIVE_COMPILATION_CONDITIONS = DEBUG;
				SWIFT_OPTIMIZATION_LEVEL = "-Onone";
			};
			name = Debug;
		};
		C889F1FA27961D5300533B76 /* Release */ = {
			isa = XCBuildConfiguration;
			buildSettings = {
				ALWAYS_SEARCH_USER_PATHS = NO;
				CLANG_ANALYZER_NONNULL = YES;
				CLANG_ANALYZER_NUMBER_OBJECT_CONVERSION = YES_AGGRESSIVE;
				CLANG_CXX_LANGUAGE_STANDARD = "gnu++17";
				CLANG_CXX_LIBRARY = "libc++";
				CLANG_ENABLE_MODULES = YES;
				CLANG_ENABLE_OBJC_ARC = YES;
				CLANG_ENABLE_OBJC_WEAK = YES;
				CLANG_WARN_BLOCK_CAPTURE_AUTORELEASING = YES;
				CLANG_WARN_BOOL_CONVERSION = YES;
				CLANG_WARN_COMMA = YES;
				CLANG_WARN_CONSTANT_CONVERSION = YES;
				CLANG_WARN_DEPRECATED_OBJC_IMPLEMENTATIONS = YES;
				CLANG_WARN_DIRECT_OBJC_ISA_USAGE = YES_ERROR;
				CLANG_WARN_DOCUMENTATION_COMMENTS = YES;
				CLANG_WARN_EMPTY_BODY = YES;
				CLANG_WARN_ENUM_CONVERSION = YES;
				CLANG_WARN_INFINITE_RECURSION = YES;
				CLANG_WARN_INT_CONVERSION = YES;
				CLANG_WARN_NON_LITERAL_NULL_CONVERSION = YES;
				CLANG_WARN_OBJC_IMPLICIT_RETAIN_SELF = YES;
				CLANG_WARN_OBJC_LITERAL_CONVERSION = YES;
				CLANG_WARN_OBJC_ROOT_CLASS = YES_ERROR;
				CLANG_WARN_QUOTED_INCLUDE_IN_FRAMEWORK_HEADER = YES;
				CLANG_WARN_RANGE_LOOP_ANALYSIS = YES;
				CLANG_WARN_STRICT_PROTOTYPES = YES;
				CLANG_WARN_SUSPICIOUS_MOVE = YES;
				CLANG_WARN_UNGUARDED_AVAILABILITY = YES_AGGRESSIVE;
				CLANG_WARN_UNREACHABLE_CODE = YES;
				CLANG_WARN__DUPLICATE_METHOD_MATCH = YES;
				COPY_PHASE_STRIP = NO;
				DEBUG_INFORMATION_FORMAT = "dwarf-with-dsym";
				ENABLE_NS_ASSERTIONS = NO;
				ENABLE_STRICT_OBJC_MSGSEND = YES;
				GCC_C_LANGUAGE_STANDARD = gnu11;
				GCC_NO_COMMON_BLOCKS = YES;
				GCC_WARN_64_TO_32_BIT_CONVERSION = YES;
				GCC_WARN_ABOUT_RETURN_TYPE = YES_ERROR;
				GCC_WARN_UNDECLARED_SELECTOR = YES;
				GCC_WARN_UNINITIALIZED_AUTOS = YES_AGGRESSIVE;
				GCC_WARN_UNUSED_FUNCTION = YES;
				GCC_WARN_UNUSED_VARIABLE = YES;
				IPHONEOS_DEPLOYMENT_TARGET = 15.2;
				MTL_ENABLE_DEBUG_INFO = NO;
				MTL_FAST_MATH = YES;
				SDKROOT = iphoneos;
				SWIFT_COMPILATION_MODE = wholemodule;
				SWIFT_OPTIMIZATION_LEVEL = "-O";
				VALIDATE_PRODUCT = YES;
			};
			name = Release;
		};
		C889F1FC27961D5300533B76 /* Debug */ = {
			isa = XCBuildConfiguration;
			buildSettings = {
				ASSETCATALOG_COMPILER_APPICON_NAME = AppIcon;
				ASSETCATALOG_COMPILER_GLOBAL_ACCENT_COLOR_NAME = AccentColor;
				CODE_SIGN_STYLE = Automatic;
				CURRENT_PROJECT_VERSION = 1;
				GENERATE_INFOPLIST_FILE = YES;
				INFOPLIST_FILE = "IOS tip calculator/Info.plist";
				INFOPLIST_KEY_UIApplicationSupportsIndirectInputEvents = YES;
				INFOPLIST_KEY_UILaunchStoryboardName = LaunchScreen;
				INFOPLIST_KEY_UIMainStoryboardFile = Main;
				INFOPLIST_KEY_UISupportedInterfaceOrientations_iPad = "UIInterfaceOrientationPortrait UIInterfaceOrientationPortraitUpsideDown UIInterfaceOrientationLandscapeLeft UIInterfaceOrientationLandscapeRight";
				INFOPLIST_KEY_UISupportedInterfaceOrientations_iPhone = "UIInterfaceOrientationPortrait UIInterfaceOrientationLandscapeLeft UIInterfaceOrientationLandscapeRight";
				LD_RUNPATH_SEARCH_PATHS = (
					"$(inherited)",
					"@executable_path/Frameworks",
				);
				MARKETING_VERSION = 1.0;
				PRODUCT_BUNDLE_IDENTIFIER = "Zineb.IOS-tip-calculator";
				PRODUCT_NAME = "$(TARGET_NAME)";
				SWIFT_EMIT_LOC_STRINGS = YES;
				SWIFT_VERSION = 5.0;
				TARGETED_DEVICE_FAMILY = "1,2";
			};
			name = Debug;
		};
		C889F1FD27961D5300533B76 /* Release */ = {
			isa = XCBuildConfiguration;
			buildSettings = {
				ASSETCATALOG_COMPILER_APPICON_NAME = AppIcon;
				ASSETCATALOG_COMPILER_GLOBAL_ACCENT_COLOR_NAME = AccentColor;
				CODE_SIGN_STYLE = Automatic;
				CURRENT_PROJECT_VERSION = 1;
				GENERATE_INFOPLIST_FILE = YES;
				INFOPLIST_FILE = "IOS tip calculator/Info.plist";
				INFOPLIST_KEY_UIApplicationSupportsIndirectInputEvents = YES;
				INFOPLIST_KEY_UILaunchStoryboardName = LaunchScreen;
				INFOPLIST_KEY_UIMainStoryboardFile = Main;
				INFOPLIST_KEY_UISupportedInterfaceOrientations_iPad = "UIInterfaceOrientationPortrait UIInterfaceOrientationPortraitUpsideDown UIInterfaceOrientationLandscapeLeft UIInterfaceOrientationLandscapeRight";
				INFOPLIST_KEY_UISupportedInterfaceOrientations_iPhone = "UIInterfaceOrientationPortrait UIInterfaceOrientationLandscapeLeft UIInterfaceOrientationLandscapeRight";
				LD_RUNPATH_SEARCH_PATHS = (
					"$(inherited)",
					"@executable_path/Frameworks",
				);
				MARKETING_VERSION = 1.0;
				PRODUCT_BUNDLE_IDENTIFIER = "Zineb.IOS-tip-calculator";
				PRODUCT_NAME = "$(TARGET_NAME)";
				SWIFT_EMIT_LOC_STRINGS = YES;
				SWIFT_VERSION = 5.0;
				TARGETED_DEVICE_FAMILY = "1,2";
			};
			name = Release;
		};
		C889F1FF27961D5300533B76 /* Debug */ = {
			isa = XCBuildConfiguration;
			buildSettings = {
				ALWAYS_EMBED_SWIFT_STANDARD_LIBRARIES = YES;
				BUNDLE_LOADER = "$(TEST_HOST)";
				CODE_SIGN_STYLE = Automatic;
				CURRENT_PROJECT_VERSION = 1;
				GENERATE_INFOPLIST_FILE = YES;
				IPHONEOS_DEPLOYMENT_TARGET = 15.2;
				MARKETING_VERSION = 1.0;
				PRODUCT_BUNDLE_IDENTIFIER = "Zineb.IOS-tip-calculatorTests";
				PRODUCT_NAME = "$(TARGET_NAME)";
				SWIFT_EMIT_LOC_STRINGS = NO;
				SWIFT_VERSION = 5.0;
				TARGETED_DEVICE_FAMILY = "1,2";
				TEST_HOST = "$(BUILT_PRODUCTS_DIR)/IOS tip calculator.app/IOS tip calculator";
			};
			name = Debug;
		};
		C889F20027961D5300533B76 /* Release */ = {
			isa = XCBuildConfiguration;
			buildSettings = {
				ALWAYS_EMBED_SWIFT_STANDARD_LIBRARIES = YES;
				BUNDLE_LOADER = "$(TEST_HOST)";
				CODE_SIGN_STYLE = Automatic;
				CURRENT_PROJECT_VERSION = 1;
				GENERATE_INFOPLIST_FILE = YES;
				IPHONEOS_DEPLOYMENT_TARGET = 15.2;
				MARKETING_VERSION = 1.0;
				PRODUCT_BUNDLE_IDENTIFIER = "Zineb.IOS-tip-calculatorTests";
				PRODUCT_NAME = "$(TARGET_NAME)";
				SWIFT_EMIT_LOC_STRINGS = NO;
				SWIFT_VERSION = 5.0;
				TARGETED_DEVICE_FAMILY = "1,2";
				TEST_HOST = "$(BUILT_PRODUCTS_DIR)/IOS tip calculator.app/IOS tip calculator";
			};
			name = Release;
		};
		C889F20227961D5300533B76 /* Debug */ = {
			isa = XCBuildConfiguration;
			buildSettings = {
				ALWAYS_EMBED_SWIFT_STANDARD_LIBRARIES = YES;
				CODE_SIGN_STYLE = Automatic;
				CURRENT_PROJECT_VERSION = 1;
				GENERATE_INFOPLIST_FILE = YES;
				MARKETING_VERSION = 1.0;
				PRODUCT_BUNDLE_IDENTIFIER = "Zineb.IOS-tip-calculatorUITests";
				PRODUCT_NAME = "$(TARGET_NAME)";
				SWIFT_EMIT_LOC_STRINGS = NO;
				SWIFT_VERSION = 5.0;
				TARGETED_DEVICE_FAMILY = "1,2";
				TEST_TARGET_NAME = "IOS tip calculator";
			};
			name = Debug;
		};
		C889F20327961D5300533B76 /* Release */ = {
			isa = XCBuildConfiguration;
			buildSettings = {
				ALWAYS_EMBED_SWIFT_STANDARD_LIBRARIES = YES;
				CODE_SIGN_STYLE = Automatic;
				CURRENT_PROJECT_VERSION = 1;
				GENERATE_INFOPLIST_FILE = YES;
				MARKETING_VERSION = 1.0;
				PRODUCT_BUNDLE_IDENTIFIER = "Zineb.IOS-tip-calculatorUITests";
				PRODUCT_NAME = "$(TARGET_NAME)";
				SWIFT_EMIT_LOC_STRINGS = NO;
				SWIFT_VERSION = 5.0;
				TARGETED_DEVICE_FAMILY = "1,2";
				TEST_TARGET_NAME = "IOS tip calculator";
			};
			name = Release;
		};
/* End XCBuildConfiguration section */

/* Begin XCConfigurationList section */
		C889F1CC27961D4F00533B76 /* Build configuration list for PBXProject "IOS tip calculator" */ = {
			isa = XCConfigurationList;
			buildConfigurations = (
				C889F1F927961D5300533B76 /* Debug */,
				C889F1FA27961D5300533B76 /* Release */,
			);
			defaultConfigurationIsVisible = 0;
			defaultConfigurationName = Release;
		};
		C889F1FB27961D5300533B76 /* Build configuration list for PBXNativeTarget "IOS tip calculator" */ = {
			isa = XCConfigurationList;
			buildConfigurations = (
				C889F1FC27961D5300533B76 /* Debug */,
				C889F1FD27961D5300533B76 /* Release */,
			);
			defaultConfigurationIsVisible = 0;
			defaultConfigurationName = Release;
		};
		C889F1FE27961D5300533B76 /* Build configuration list for PBXNativeTarget "IOS tip calculatorTests" */ = {
			isa = XCConfigurationList;
			buildConfigurations = (
				C889F1FF27961D5300533B76 /* Debug */,
				C889F20027961D5300533B76 /* Release */,
			);
			defaultConfigurationIsVisible = 0;
			defaultConfigurationName = Release;
		};
		C889F20127961D5300533B76 /* Build configuration list for PBXNativeTarget "IOS tip calculatorUITests" */ = {
			isa = XCConfigurationList;
			buildConfigurations = (
				C889F20227961D5300533B76 /* Debug */,
				C889F20327961D5300533B76 /* Release */,
			);
			defaultConfigurationIsVisible = 0;
			defaultConfigurationName = Release;
		};
/* End XCConfigurationList section */
	};
	rootObject = C889F1C927961D4F00533B76 /* Project object */;
}
